// !$*UTF8*$!
{
	archiveVersion = 1;
	classes = {
	};
	objectVersion = 56;
	objects = {

/* Begin PBXBuildFile section */
		66F095D02D93149100E9966B /* Aula5_Desafio1App.swift in Sources */ = {isa = PBXBuildFile; fileRef = 66F095CF2D93149100E9966B /* Aula5_Desafio1App.swift */; };
		66F095D22D93149100E9966B /* ContentView.swift in Sources */ = {isa = PBXBuildFile; fileRef = 66F095D12D93149100E9966B /* ContentView.swift */; };
		66F095D42D93149200E9966B /* Assets.xcassets in Resources */ = {isa = PBXBuildFile; fileRef = 66F095D32D93149200E9966B /* Assets.xcassets */; };
		66F095D72D93149200E9966B /* Preview Assets.xcassets in Resources */ = {isa = PBXBuildFile; fileRef = 66F095D62D93149200E9966B /* Preview Assets.xcassets */; };
		66F095E12D93149200E9966B /* Aula5_Desafio1Tests.swift in Sources */ = {isa = PBXBuildFile; fileRef = 66F095E02D93149200E9966B /* Aula5_Desafio1Tests.swift */; };
		66F095EB2D93149200E9966B /* Aula5_Desafio1UITests.swift in Sources */ = {isa = PBXBuildFile; fileRef = 66F095EA2D93149200E9966B /* Aula5_Desafio1UITests.swift */; };
		66F095ED2D93149200E9966B /* Aula5_Desafio1UITestsLaunchTests.swift in Sources */ = {isa = PBXBuildFile; fileRef = 66F095EC2D93149200E9966B /* Aula5_Desafio1UITestsLaunchTests.swift */; };
/* End PBXBuildFile section */

/* Begin PBXContainerItemProxy section */
		66F095DD2D93149200E9966B /* PBXContainerItemProxy */ = {
			isa = PBXContainerItemProxy;
			containerPortal = 66F095C42D93149100E9966B /* Project object */;
			proxyType = 1;
			remoteGlobalIDString = 66F095CB2D93149100E9966B;
			remoteInfo = "Aula5-Desafio1";
		};
		66F095E72D93149200E9966B /* PBXContainerItemProxy */ = {
			isa = PBXContainerItemProxy;
			containerPortal = 66F095C42D93149100E9966B /* Project object */;
			proxyType = 1;
			remoteGlobalIDString = 66F095CB2D93149100E9966B;
			remoteInfo = "Aula5-Desafio1";
		};
/* End PBXContainerItemProxy section */

/* Begin PBXFileReference section */
		66F095CC2D93149100E9966B /* Aula5-Desafio1.app */ = {isa = PBXFileReference; explicitFileType = wrapper.application; includeInIndex = 0; path = "Aula5-Desafio1.app"; sourceTree = BUILT_PRODUCTS_DIR; };
		66F095CF2D93149100E9966B /* Aula5_Desafio1App.swift */ = {isa = PBXFileReference; lastKnownFileType = sourcecode.swift; path = Aula5_Desafio1App.swift; sourceTree = "<group>"; };
		66F095D12D93149100E9966B /* ContentView.swift */ = {isa = PBXFileReference; lastKnownFileType = sourcecode.swift; path = ContentView.swift; sourceTree = "<group>"; };
		66F095D32D93149200E9966B /* Assets.xcassets */ = {isa = PBXFileReference; lastKnownFileType = folder.assetcatalog; path = Assets.xcassets; sourceTree = "<group>"; };
		66F095D62D93149200E9966B /* Preview Assets.xcassets */ = {isa = PBXFileReference; lastKnownFileType = folder.assetcatalog; path = "Preview Assets.xcassets"; sourceTree = "<group>"; };
		66F095DC2D93149200E9966B /* Aula5-Desafio1Tests.xctest */ = {isa = PBXFileReference; explicitFileType = wrapper.cfbundle; includeInIndex = 0; path = "Aula5-Desafio1Tests.xctest"; sourceTree = BUILT_PRODUCTS_DIR; };
		66F095E02D93149200E9966B /* Aula5_Desafio1Tests.swift */ = {isa = PBXFileReference; lastKnownFileType = sourcecode.swift; path = Aula5_Desafio1Tests.swift; sourceTree = "<group>"; };
		66F095E62D93149200E9966B /* Aula5-Desafio1UITests.xctest */ = {isa = PBXFileReference; explicitFileType = wrapper.cfbundle; includeInIndex = 0; path = "Aula5-Desafio1UITests.xctest"; sourceTree = BUILT_PRODUCTS_DIR; };
		66F095EA2D93149200E9966B /* Aula5_Desafio1UITests.swift */ = {isa = PBXFileReference; lastKnownFileType = sourcecode.swift; path = Aula5_Desafio1UITests.swift; sourceTree = "<group>"; };
		66F095EC2D93149200E9966B /* Aula5_Desafio1UITestsLaunchTests.swift */ = {isa = PBXFileReference; lastKnownFileType = sourcecode.swift; path = Aula5_Desafio1UITestsLaunchTests.swift; sourceTree = "<group>"; };
/* End PBXFileReference section */

/* Begin PBXFrameworksBuildPhase section */
		66F095C92D93149100E9966B /* Frameworks */ = {
			isa = PBXFrameworksBuildPhase;
			buildActionMask = 2147483647;
			files = (
			);
			runOnlyForDeploymentPostprocessing = 0;
		};
		66F095D92D93149200E9966B /* Frameworks */ = {
			isa = PBXFrameworksBuildPhase;
			buildActionMask = 2147483647;
			files = (
			);
			runOnlyForDeploymentPostprocessing = 0;
		};
		66F095E32D93149200E9966B /* Frameworks */ = {
			isa = PBXFrameworksBuildPhase;
			buildActionMask = 2147483647;
			files = (
			);
			runOnlyForDeploymentPostprocessing = 0;
		};
/* End PBXFrameworksBuildPhase section */

/* Begin PBXGroup section */
		66F095C32D93149100E9966B = {
			isa = PBXGroup;
			children = (
				66F095CE2D93149100E9966B /* Aula5-Desafio1 */,
				66F095DF2D93149200E9966B /* Aula5-Desafio1Tests */,
				66F095E92D93149200E9966B /* Aula5-Desafio1UITests */,
				66F095CD2D93149100E9966B /* Products */,
			);
			sourceTree = "<group>";
		};
		66F095CD2D93149100E9966B /* Products */ = {
			isa = PBXGroup;
			children = (
				66F095CC2D93149100E9966B /* Aula5-Desafio1.app */,
				66F095DC2D93149200E9966B /* Aula5-Desafio1Tests.xctest */,
				66F095E62D93149200E9966B /* Aula5-Desafio1UITests.xctest */,
			);
			name = Products;
			sourceTree = "<group>";
		};
		66F095CE2D93149100E9966B /* Aula5-Desafio1 */ = {
			isa = PBXGroup;
			children = (
				66F095CF2D93149100E9966B /* Aula5_Desafio1App.swift */,
				66F095D12D93149100E9966B /* ContentView.swift */,
				66F095D32D93149200E9966B /* Assets.xcassets */,
				66F095D52D93149200E9966B /* Preview Content */,
			);
			path = "Aula5-Desafio1";
			sourceTree = "<group>";
		};
		66F095D52D93149200E9966B /* Preview Content */ = {
			isa = PBXGroup;
			children = (
				66F095D62D93149200E9966B /* Preview Assets.xcassets */,
			);
			path = "Preview Content";
			sourceTree = "<group>";
		};
		66F095DF2D93149200E9966B /* Aula5-Desafio1Tests */ = {
			isa = PBXGroup;
			children = (
				66F095E02D93149200E9966B /* Aula5_Desafio1Tests.swift */,
			);
			path = "Aula5-Desafio1Tests";
			sourceTree = "<group>";
		};
		66F095E92D93149200E9966B /* Aula5-Desafio1UITests */ = {
			isa = PBXGroup;
			children = (
				66F095EA2D93149200E9966B /* Aula5_Desafio1UITests.swift */,
				66F095EC2D93149200E9966B /* Aula5_Desafio1UITestsLaunchTests.swift */,
			);
			path = "Aula5-Desafio1UITests";
			sourceTree = "<group>";
		};
/* End PBXGroup section */

/* Begin PBXNativeTarget section */
		66F095CB2D93149100E9966B /* Aula5-Desafio1 */ = {
			isa = PBXNativeTarget;
			buildConfigurationList = 66F095F02D93149200E9966B /* Build configuration list for PBXNativeTarget "Aula5-Desafio1" */;
			buildPhases = (
				66F095C82D93149100E9966B /* Sources */,
				66F095C92D93149100E9966B /* Frameworks */,
				66F095CA2D93149100E9966B /* Resources */,
			);
			buildRules = (
			);
			dependencies = (
			);
			name = "Aula5-Desafio1";
			productName = "Aula5-Desafio1";
			productReference = 66F095CC2D93149100E9966B /* Aula5-Desafio1.app */;
			productType = "com.apple.product-type.application";
		};
		66F095DB2D93149200E9966B /* Aula5-Desafio1Tests */ = {
			isa = PBXNativeTarget;
			buildConfigurationList = 66F095F32D93149200E9966B /* Build configuration list for PBXNativeTarget "Aula5-Desafio1Tests" */;
			buildPhases = (
				66F095D82D93149200E9966B /* Sources */,
				66F095D92D93149200E9966B /* Frameworks */,
				66F095DA2D93149200E9966B /* Resources */,
			);
			buildRules = (
			);
			dependencies = (
				66F095DE2D93149200E9966B /* PBXTargetDependency */,
			);
			name = "Aula5-Desafio1Tests";
			productName = "Aula5-Desafio1Tests";
			productReference = 66F095DC2D93149200E9966B /* Aula5-Desafio1Tests.xctest */;
			productType = "com.apple.product-type.bundle.unit-test";
		};
		66F095E52D93149200E9966B /* Aula5-Desafio1UITests */ = {
			isa = PBXNativeTarget;
			buildConfigurationList = 66F095F62D93149200E9966B /* Build configuration list for PBXNativeTarget "Aula5-Desafio1UITests" */;
			buildPhases = (
				66F095E22D93149200E9966B /* Sources */,
				66F095E32D93149200E9966B /* Frameworks */,
				66F095E42D93149200E9966B /* Resources */,
			);
			buildRules = (
			);
			dependencies = (
				66F095E82D93149200E9966B /* PBXTargetDependency */,
			);
			name = "Aula5-Desafio1UITests";
			productName = "Aula5-Desafio1UITests";
			productReference = 66F095E62D93149200E9966B /* Aula5-Desafio1UITests.xctest */;
			productType = "com.apple.product-type.bundle.ui-testing";
		};
/* End PBXNativeTarget section */

/* Begin PBXProject section */
		66F095C42D93149100E9966B /* Project object */ = {
			isa = PBXProject;
			attributes = {
				BuildIndependentTargetsInParallel = 1;
				LastSwiftUpdateCheck = 1540;
				LastUpgradeCheck = 1540;
				TargetAttributes = {
					66F095CB2D93149100E9966B = {
						CreatedOnToolsVersion = 15.4;
					};
					66F095DB2D93149200E9966B = {
						CreatedOnToolsVersion = 15.4;
						TestTargetID = 66F095CB2D93149100E9966B;
					};
					66F095E52D93149200E9966B = {
						CreatedOnToolsVersion = 15.4;
						TestTargetID = 66F095CB2D93149100E9966B;
					};
				};
			};
			buildConfigurationList = 66F095C72D93149100E9966B /* Build configuration list for PBXProject "Aula5-Desafio1" */;
			compatibilityVersion = "Xcode 14.0";
			developmentRegion = en;
			hasScannedForEncodings = 0;
			knownRegions = (
				en,
				Base,
			);
			mainGroup = 66F095C32D93149100E9966B;
			productRefGroup = 66F095CD2D93149100E9966B /* Products */;
			projectDirPath = "";
			projectRoot = "";
			targets = (
				66F095CB2D93149100E9966B /* Aula5-Desafio1 */,
				66F095DB2D93149200E9966B /* Aula5-Desafio1Tests */,
				66F095E52D93149200E9966B /* Aula5-Desafio1UITests */,
			);
		};
/* End PBXProject section */

/* Begin PBXResourcesBuildPhase section */
		66F095CA2D93149100E9966B /* Resources */ = {
			isa = PBXResourcesBuildPhase;
			buildActionMask = 2147483647;
			files = (
				66F095D72D93149200E9966B /* Preview Assets.xcassets in Resources */,
				66F095D42D93149200E9966B /* Assets.xcassets in Resources */,
			);
			runOnlyForDeploymentPostprocessing = 0;
		};
		66F095DA2D93149200E9966B /* Resources */ = {
			isa = PBXResourcesBuildPhase;
			buildActionMask = 2147483647;
			files = (
			);
			runOnlyForDeploymentPostprocessing = 0;
		};
		66F095E42D93149200E9966B /* Resources */ = {
			isa = PBXResourcesBuildPhase;
			buildActionMask = 2147483647;
			files = (
			);
			runOnlyForDeploymentPostprocessing = 0;
		};
/* End PBXResourcesBuildPhase section */

/* Begin PBXSourcesBuildPhase section */
		66F095C82D93149100E9966B /* Sources */ = {
			isa = PBXSourcesBuildPhase;
			buildActionMask = 2147483647;
			files = (
				66F095D22D93149100E9966B /* ContentView.swift in Sources */,
				66F095D02D93149100E9966B /* Aula5_Desafio1App.swift in Sources */,
			);
			runOnlyForDeploymentPostprocessing = 0;
		};
		66F095D82D93149200E9966B /* Sources */ = {
			isa = PBXSourcesBuildPhase;
			buildActionMask = 2147483647;
			files = (
				66F095E12D93149200E9966B /* Aula5_Desafio1Tests.swift in Sources */,
			);
			runOnlyForDeploymentPostprocessing = 0;
		};
		66F095E22D93149200E9966B /* Sources */ = {
			isa = PBXSourcesBuildPhase;
			buildActionMask = 2147483647;
			files = (
				66F095EB2D93149200E9966B /* Aula5_Desafio1UITests.swift in Sources */,
				66F095ED2D93149200E9966B /* Aula5_Desafio1UITestsLaunchTests.swift in Sources */,
			);
			runOnlyForDeploymentPostprocessing = 0;
		};
/* End PBXSourcesBuildPhase section */

/* Begin PBXTargetDependency section */
		66F095DE2D93149200E9966B /* PBXTargetDependency */ = {
			isa = PBXTargetDependency;
			target = 66F095CB2D93149100E9966B /* Aula5-Desafio1 */;
			targetProxy = 66F095DD2D93149200E9966B /* PBXContainerItemProxy */;
		};
		66F095E82D93149200E9966B /* PBXTargetDependency */ = {
			isa = PBXTargetDependency;
			target = 66F095CB2D93149100E9966B /* Aula5-Desafio1 */;
			targetProxy = 66F095E72D93149200E9966B /* PBXContainerItemProxy */;
		};
/* End PBXTargetDependency section */

/* Begin XCBuildConfiguration section */
		66F095EE2D93149200E9966B /* Debug */ = {
			isa = XCBuildConfiguration;
			buildSettings = {
				ALWAYS_SEARCH_USER_PATHS = NO;
				ASSETCATALOG_COMPILER_GENERATE_SWIFT_ASSET_SYMBOL_EXTENSIONS = YES;
				CLANG_ANALYZER_NONNULL = YES;
				CLANG_ANALYZER_NUMBER_OBJECT_CONVERSION = YES_AGGRESSIVE;
				CLANG_CXX_LANGUAGE_STANDARD = "gnu++20";
				CLANG_ENABLE_MODULES = YES;
				CLANG_ENABLE_OBJC_ARC = YES;
				CLANG_ENABLE_OBJC_WEAK = YES;
				CLANG_WARN_BLOCK_CAPTURE_AUTORELEASING = YES;
				CLANG_WARN_BOOL_CONVERSION = YES;
				CLANG_WARN_COMMA = YES;
				CLANG_WARN_CONSTANT_CONVERSION = YES;
				CLANG_WARN_DEPRECATED_OBJC_IMPLEMENTATIONS = YES;
				CLANG_WARN_DIRECT_OBJC_ISA_USAGE = YES_ERROR;
				CLANG_WARN_DOCUMENTATION_COMMENTS = YES;
				CLANG_WARN_EMPTY_BODY = YES;
				CLANG_WARN_ENUM_CONVERSION = YES;
				CLANG_WARN_INFINITE_RECURSION = YES;
				CLANG_WARN_INT_CONVERSION = YES;
				CLANG_WARN_NON_LITERAL_NULL_CONVERSION = YES;
				CLANG_WARN_OBJC_IMPLICIT_RETAIN_SELF = YES;
				CLANG_WARN_OBJC_LITERAL_CONVERSION = YES;
				CLANG_WARN_OBJC_ROOT_CLASS = YES_ERROR;
				CLANG_WARN_QUOTED_INCLUDE_IN_FRAMEWORK_HEADER = YES;
				CLANG_WARN_RANGE_LOOP_ANALYSIS = YES;
				CLANG_WARN_STRICT_PROTOTYPES = YES;
				CLANG_WARN_SUSPICIOUS_MOVE = YES;
				CLANG_WARN_UNGUARDED_AVAILABILITY = YES_AGGRESSIVE;
				CLANG_WARN_UNREACHABLE_CODE = YES;
				CLANG_WARN__DUPLICATE_METHOD_MATCH = YES;
				COPY_PHASE_STRIP = NO;
				DEBUG_INFORMATION_FORMAT = dwarf;
				ENABLE_STRICT_OBJC_MSGSEND = YES;
				ENABLE_TESTABILITY = YES;
				ENABLE_USER_SCRIPT_SANDBOXING = YES;
				GCC_C_LANGUAGE_STANDARD = gnu17;
				GCC_DYNAMIC_NO_PIC = NO;
				GCC_NO_COMMON_BLOCKS = YES;
				GCC_OPTIMIZATION_LEVEL = 0;
				GCC_PREPROCESSOR_DEFINITIONS = (
					"DEBUG=1",
					"$(inherited)",
				);
				GCC_WARN_64_TO_32_BIT_CONVERSION = YES;
				GCC_WARN_ABOUT_RETURN_TYPE = YES_ERROR;
				GCC_WARN_UNDECLARED_SELECTOR = YES;
				GCC_WARN_UNINITIALIZED_AUTOS = YES_AGGRESSIVE;
				GCC_WARN_UNUSED_FUNCTION = YES;
				GCC_WARN_UNUSED_VARIABLE = YES;
				IPHONEOS_DEPLOYMENT_TARGET = 17.5;
				LOCALIZATION_PREFERS_STRING_CATALOGS = YES;
				MTL_ENABLE_DEBUG_INFO = INCLUDE_SOURCE;
				MTL_FAST_MATH = YES;
				ONLY_ACTIVE_ARCH = YES;
				SDKROOT = iphoneos;
				SWIFT_ACTIVE_COMPILATION_CONDITIONS = "DEBUG $(inherited)";
				SWIFT_OPTIMIZATION_LEVEL = "-Onone";
			};
			name = Debug;
		};
		66F095EF2D93149200E9966B /* Release */ = {
			isa = XCBuildConfiguration;
			buildSettings = {
				ALWAYS_SEARCH_USER_PATHS = NO;
				ASSETCATALOG_COMPILER_GENERATE_SWIFT_ASSET_SYMBOL_EXTENSIONS = YES;
				CLANG_ANALYZER_NONNULL = YES;
				CLANG_ANALYZER_NUMBER_OBJECT_CONVERSION = YES_AGGRESSIVE;
				CLANG_CXX_LANGUAGE_STANDARD = "gnu++20";
				CLANG_ENABLE_MODULES = YES;
				CLANG_ENABLE_OBJC_ARC = YES;
				CLANG_ENABLE_OBJC_WEAK = YES;
				CLANG_WARN_BLOCK_CAPTURE_AUTORELEASING = YES;
				CLANG_WARN_BOOL_CONVERSION = YES;
				CLANG_WARN_COMMA = YES;
				CLANG_WARN_CONSTANT_CONVERSION = YES;
				CLANG_WARN_DEPRECATED_OBJC_IMPLEMENTATIONS = YES;
				CLANG_WARN_DIRECT_OBJC_ISA_USAGE = YES_ERROR;
				CLANG_WARN_DOCUMENTATION_COMMENTS = YES;
				CLANG_WARN_EMPTY_BODY = YES;
				CLANG_WARN_ENUM_CONVERSION = YES;
				CLANG_WARN_INFINITE_RECURSION = YES;
				CLANG_WARN_INT_CONVERSION = YES;
				CLANG_WARN_NON_LITERAL_NULL_CONVERSION = YES;
				CLANG_WARN_OBJC_IMPLICIT_RETAIN_SELF = YES;
				CLANG_WARN_OBJC_LITERAL_CONVERSION = YES;
				CLANG_WARN_OBJC_ROOT_CLASS = YES_ERROR;
				CLANG_WARN_QUOTED_INCLUDE_IN_FRAMEWORK_HEADER = YES;
				CLANG_WARN_RANGE_LOOP_ANALYSIS = YES;
				CLANG_WARN_STRICT_PROTOTYPES = YES;
				CLANG_WARN_SUSPICIOUS_MOVE = YES;
				CLANG_WARN_UNGUARDED_AVAILABILITY = YES_AGGRESSIVE;
				CLANG_WARN_UNREACHABLE_CODE = YES;
				CLANG_WARN__DUPLICATE_METHOD_MATCH = YES;
				COPY_PHASE_STRIP = NO;
				DEBUG_INFORMATION_FORMAT = "dwarf-with-dsym";
				ENABLE_NS_ASSERTIONS = NO;
				ENABLE_STRICT_OBJC_MSGSEND = YES;
				ENABLE_USER_SCRIPT_SANDBOXING = YES;
				GCC_C_LANGUAGE_STANDARD = gnu17;
				GCC_NO_COMMON_BLOCKS = YES;
				GCC_WARN_64_TO_32_BIT_CONVERSION = YES;
				GCC_WARN_ABOUT_RETURN_TYPE = YES_ERROR;
				GCC_WARN_UNDECLARED_SELECTOR = YES;
				GCC_WARN_UNINITIALIZED_AUTOS = YES_AGGRESSIVE;
				GCC_WARN_UNUSED_FUNCTION = YES;
				GCC_WARN_UNUSED_VARIABLE = YES;
				IPHONEOS_DEPLOYMENT_TARGET = 17.5;
				LOCALIZATION_PREFERS_STRING_CATALOGS = YES;
				MTL_ENABLE_DEBUG_INFO = NO;
				MTL_FAST_MATH = YES;
				SDKROOT = iphoneos;
				SWIFT_COMPILATION_MODE = wholemodule;
				VALIDATE_PRODUCT = YES;
			};
			name = Release;
		};
		66F095F12D93149200E9966B /* Debug */ = {
			isa = XCBuildConfiguration;
			buildSettings = {
				ASSETCATALOG_COMPILER_APPICON_NAME = AppIcon;
				ASSETCATALOG_COMPILER_GLOBAL_ACCENT_COLOR_NAME = AccentColor;
				CODE_SIGN_STYLE = Automatic;
				CURRENT_PROJECT_VERSION = 1;
				DEVELOPMENT_ASSET_PATHS = "\"Aula5-Desafio1/Preview Content\"";
				ENABLE_PREVIEWS = YES;
				GENERATE_INFOPLIST_FILE = YES;
				INFOPLIST_KEY_UIApplicationSceneManifest_Generation = YES;
				INFOPLIST_KEY_UIApplicationSupportsIndirectInputEvents = YES;
				INFOPLIST_KEY_UILaunchScreen_Generation = YES;
				INFOPLIST_KEY_UISupportedInterfaceOrientations_iPad = "UIInterfaceOrientationPortrait UIInterfaceOrientationPortraitUpsideDown UIInterfaceOrientationLandscapeLeft UIInterfaceOrientationLandscapeRight";
				INFOPLIST_KEY_UISupportedInterfaceOrientations_iPhone = "UIInterfaceOrientationPortrait UIInterfaceOrientationLandscapeLeft UIInterfaceOrientationLandscapeRight";
				LD_RUNPATH_SEARCH_PATHS = (
					"$(inherited)",
					"@executable_path/Frameworks",
				);
				MARKETING_VERSION = 1.0;
				PRODUCT_BUNDLE_IDENTIFIER = "pedromaia.Aula5-Desafio1";
				PRODUCT_NAME = "$(TARGET_NAME)";
				SWIFT_EMIT_LOC_STRINGS = YES;
				SWIFT_VERSION = 5.0;
				TARGETED_DEVICE_FAMILY = "1,2";
			};
			name = Debug;
		};
		66F095F22D93149200E9966B /* Release */ = {
			isa = XCBuildConfiguration;
			buildSettings = {
				ASSETCATALOG_COMPILER_APPICON_NAME = AppIcon;
				ASSETCATALOG_COMPILER_GLOBAL_ACCENT_COLOR_NAME = AccentColor;
				CODE_SIGN_STYLE = Automatic;
				CURRENT_PROJECT_VERSION = 1;
				DEVELOPMENT_ASSET_PATHS = "\"Aula5-Desafio1/Preview Content\"";
				ENABLE_PREVIEWS = YES;
				GENERATE_INFOPLIST_FILE = YES;
				INFOPLIST_KEY_UIApplicationSceneManifest_Generation = YES;
				INFOPLIST_KEY_UIApplicationSupportsIndirectInputEvents = YES;
				INFOPLIST_KEY_UILaunchScreen_Generation = YES;
				INFOPLIST_KEY_UISupportedInterfaceOrientations_iPad = "UIInterfaceOrientationPortrait UIInterfaceOrientationPortraitUpsideDown UIInterfaceOrientationLandscapeLeft UIInterfaceOrientationLandscapeRight";
				INFOPLIST_KEY_UISupportedInterfaceOrientations_iPhone = "UIInterfaceOrientationPortrait UIInterfaceOrientationLandscapeLeft UIInterfaceOrientationLandscapeRight";
				LD_RUNPATH_SEARCH_PATHS = (
					"$(inherited)",
					"@executable_path/Frameworks",
				);
				MARKETING_VERSION = 1.0;
				PRODUCT_BUNDLE_IDENTIFIER = "pedromaia.Aula5-Desafio1";
				PRODUCT_NAME = "$(TARGET_NAME)";
				SWIFT_EMIT_LOC_STRINGS = YES;
				SWIFT_VERSION = 5.0;
				TARGETED_DEVICE_FAMILY = "1,2";
			};
			name = Release;
		};
		66F095F42D93149200E9966B /* Debug */ = {
			isa = XCBuildConfiguration;
			buildSettings = {
				ALWAYS_EMBED_SWIFT_STANDARD_LIBRARIES = YES;
				BUNDLE_LOADER = "$(TEST_HOST)";
				CODE_SIGN_STYLE = Automatic;
				CURRENT_PROJECT_VERSION = 1;
				GENERATE_INFOPLIST_FILE = YES;
				IPHONEOS_DEPLOYMENT_TARGET = 17.5;
				MARKETING_VERSION = 1.0;
				PRODUCT_BUNDLE_IDENTIFIER = "pedromaia.Aula5-Desafio1Tests";
				PRODUCT_NAME = "$(TARGET_NAME)";
				SWIFT_EMIT_LOC_STRINGS = NO;
				SWIFT_VERSION = 5.0;
				TARGETED_DEVICE_FAMILY = "1,2";
				TEST_HOST = "$(BUILT_PRODUCTS_DIR)/Aula5-Desafio1.app/$(BUNDLE_EXECUTABLE_FOLDER_PATH)/Aula5-Desafio1";
			};
			name = Debug;
		};
		66F095F52D93149200E9966B /* Release */ = {
			isa = XCBuildConfiguration;
			buildSettings = {
				ALWAYS_EMBED_SWIFT_STANDARD_LIBRARIES = YES;
				BUNDLE_LOADER = "$(TEST_HOST)";
				CODE_SIGN_STYLE = Automatic;
				CURRENT_PROJECT_VERSION = 1;
				GENERATE_INFOPLIST_FILE = YES;
				IPHONEOS_DEPLOYMENT_TARGET = 17.5;
				MARKETING_VERSION = 1.0;
				PRODUCT_BUNDLE_IDENTIFIER = "pedromaia.Aula5-Desafio1Tests";
				PRODUCT_NAME = "$(TARGET_NAME)";
				SWIFT_EMIT_LOC_STRINGS = NO;
				SWIFT_VERSION = 5.0;
				TARGETED_DEVICE_FAMILY = "1,2";
				TEST_HOST = "$(BUILT_PRODUCTS_DIR)/Aula5-Desafio1.app/$(BUNDLE_EXECUTABLE_FOLDER_PATH)/Aula5-Desafio1";
			};
			name = Release;
		};
		66F095F72D93149200E9966B /* Debug */ = {
			isa = XCBuildConfiguration;
			buildSettings = {
				ALWAYS_EMBED_SWIFT_STANDARD_LIBRARIES = YES;
				CODE_SIGN_STYLE = Automatic;
				CURRENT_PROJECT_VERSION = 1;
				GENERATE_INFOPLIST_FILE = YES;
				MARKETING_VERSION = 1.0;
				PRODUCT_BUNDLE_IDENTIFIER = "pedromaia.Aula5-Desafio1UITests";
				PRODUCT_NAME = "$(TARGET_NAME)";
				SWIFT_EMIT_LOC_STRINGS = NO;
				SWIFT_VERSION = 5.0;
				TARGETED_DEVICE_FAMILY = "1,2";
				TEST_TARGET_NAME = "Aula5-Desafio1";
			};
			name = Debug;
		};
		66F095F82D93149200E9966B /* Release */ = {
			isa = XCBuildConfiguration;
			buildSettings = {
				ALWAYS_EMBED_SWIFT_STANDARD_LIBRARIES = YES;
				CODE_SIGN_STYLE = Automatic;
				CURRENT_PROJECT_VERSION = 1;
				GENERATE_INFOPLIST_FILE = YES;
				MARKETING_VERSION = 1.0;
				PRODUCT_BUNDLE_IDENTIFIER = "pedromaia.Aula5-Desafio1UITests";
				PRODUCT_NAME = "$(TARGET_NAME)";
				SWIFT_EMIT_LOC_STRINGS = NO;
				SWIFT_VERSION = 5.0;
				TARGETED_DEVICE_FAMILY = "1,2";
				TEST_TARGET_NAME = "Aula5-Desafio1";
			};
			name = Release;
		};
/* End XCBuildConfiguration section */

/* Begin XCConfigurationList section */
		66F095C72D93149100E9966B /* Build configuration list for PBXProject "Aula5-Desafio1" */ = {
			isa = XCConfigurationList;
			buildConfigurations = (
				66F095EE2D93149200E9966B /* Debug */,
				66F095EF2D93149200E9966B /* Release */,
			);
			defaultConfigurationIsVisible = 0;
			defaultConfigurationName = Release;
		};
		66F095F02D93149200E9966B /* Build configuration list for PBXNativeTarget "Aula5-Desafio1" */ = {
			isa = XCConfigurationList;
			buildConfigurations = (
				66F095F12D93149200E9966B /* Debug */,
				66F095F22D93149200E9966B /* Release */,
			);
			defaultConfigurationIsVisible = 0;
			defaultConfigurationName = Release;
		};
		66F095F32D93149200E9966B /* Build configuration list for PBXNativeTarget "Aula5-Desafio1Tests" */ = {
			isa = XCConfigurationList;
			buildConfigurations = (
				66F095F42D93149200E9966B /* Debug */,
				66F095F52D93149200E9966B /* Release */,
			);
			defaultConfigurationIsVisible = 0;
			defaultConfigurationName = Release;
		};
		66F095F62D93149200E9966B /* Build configuration list for PBXNativeTarget "Aula5-Desafio1UITests" */ = {
			isa = XCConfigurationList;
			buildConfigurations = (
				66F095F72D93149200E9966B /* Debug */,
				66F095F82D93149200E9966B /* Release */,
			);
			defaultConfigurationIsVisible = 0;
			defaultConfigurationName = Release;
		};
/* End XCConfigurationList section */
	};
	rootObject = 66F095C42D93149100E9966B /* Project object */;
}
