// !$*UTF8*$!
{
	archiveVersion = 1;
	classes = {
	};
	objectVersion = 56;
	objects = {

/* Begin PBXBuildFile section */
		6646CA4E2D95C6030058CDA7 /* Aula_7_RedNodeApp.swift in Sources */ = {isa = PBXBuildFile; fileRef = 6646CA4D2D95C6030058CDA7 /* Aula_7_RedNodeApp.swift */; };
		6646CA502D95C6030058CDA7 /* ContentView.swift in Sources */ = {isa = PBXBuildFile; fileRef = 6646CA4F2D95C6030058CDA7 /* ContentView.swift */; };
		6646CA522D95C6050058CDA7 /* Assets.xcassets in Resources */ = {isa = PBXBuildFile; fileRef = 6646CA512D95C6050058CDA7 /* Assets.xcassets */; };
		6646CA552D95C6050058CDA7 /* Preview Assets.xcassets in Resources */ = {isa = PBXBuildFile; fileRef = 6646CA542D95C6050058CDA7 /* Preview Assets.xcassets */; };
		6646CA5F2D95C6060058CDA7 /* Aula_7_RedNodeTests.swift in Sources */ = {isa = PBXBuildFile; fileRef = 6646CA5E2D95C6060058CDA7 /* Aula_7_RedNodeTests.swift */; };
		6646CA692D95C6060058CDA7 /* Aula_7_RedNodeUITests.swift in Sources */ = {isa = PBXBuildFile; fileRef = 6646CA682D95C6060058CDA7 /* Aula_7_RedNodeUITests.swift */; };
		6646CA6B2D95C6060058CDA7 /* Aula_7_RedNodeUITestsLaunchTests.swift in Sources */ = {isa = PBXBuildFile; fileRef = 6646CA6A2D95C6060058CDA7 /* Aula_7_RedNodeUITestsLaunchTests.swift */; };
		6646CA782D95C8D70058CDA7 /* Model.swift in Sources */ = {isa = PBXBuildFile; fileRef = 6646CA772D95C8D70058CDA7 /* Model.swift */; };
		6646CA7A2D95C9F60058CDA7 /* ViewModel.swift in Sources */ = {isa = PBXBuildFile; fileRef = 6646CA792D95C9F60058CDA7 /* ViewModel.swift */; };
		6646CA7C2D95CD060058CDA7 /* NovaUIView.swift in Sources */ = {isa = PBXBuildFile; fileRef = 6646CA7B2D95CD060058CDA7 /* NovaUIView.swift */; };
/* End PBXBuildFile section */

/* Begin PBXContainerItemProxy section */
		6646CA5B2D95C6060058CDA7 /* PBXContainerItemProxy */ = {
			isa = PBXContainerItemProxy;
			containerPortal = 6646CA422D95C6030058CDA7 /* Project object */;
			proxyType = 1;
			remoteGlobalIDString = 6646CA492D95C6030058CDA7;
			remoteInfo = "Aula-7-RedNode";
		};
		6646CA652D95C6060058CDA7 /* PBXContainerItemProxy */ = {
			isa = PBXContainerItemProxy;
			containerPortal = 6646CA422D95C6030058CDA7 /* Project object */;
			proxyType = 1;
			remoteGlobalIDString = 6646CA492D95C6030058CDA7;
			remoteInfo = "Aula-7-RedNode";
		};
/* End PBXContainerItemProxy section */

/* Begin PBXFileReference section */
		6646CA4A2D95C6030058CDA7 /* Aula-7-RedNode.app */ = {isa = PBXFileReference; explicitFileType = wrapper.application; includeInIndex = 0; path = "Aula-7-RedNode.app"; sourceTree = BUILT_PRODUCTS_DIR; };
		6646CA4D2D95C6030058CDA7 /* Aula_7_RedNodeApp.swift */ = {isa = PBXFileReference; lastKnownFileType = sourcecode.swift; path = Aula_7_RedNodeApp.swift; sourceTree = "<group>"; };
		6646CA4F2D95C6030058CDA7 /* ContentView.swift */ = {isa = PBXFileReference; lastKnownFileType = sourcecode.swift; path = ContentView.swift; sourceTree = "<group>"; };
		6646CA512D95C6050058CDA7 /* Assets.xcassets */ = {isa = PBXFileReference; lastKnownFileType = folder.assetcatalog; path = Assets.xcassets; sourceTree = "<group>"; };
		6646CA542D95C6050058CDA7 /* Preview Assets.xcassets */ = {isa = PBXFileReference; lastKnownFileType = folder.assetcatalog; path = "Preview Assets.xcassets"; sourceTree = "<group>"; };
		6646CA5A2D95C6060058CDA7 /* Aula-7-RedNodeTests.xctest */ = {isa = PBXFileReference; explicitFileType = wrapper.cfbundle; includeInIndex = 0; path = "Aula-7-RedNodeTests.xctest"; sourceTree = BUILT_PRODUCTS_DIR; };
		6646CA5E2D95C6060058CDA7 /* Aula_7_RedNodeTests.swift */ = {isa = PBXFileReference; lastKnownFileType = sourcecode.swift; path = Aula_7_RedNodeTests.swift; sourceTree = "<group>"; };
		6646CA642D95C6060058CDA7 /* Aula-7-RedNodeUITests.xctest */ = {isa = PBXFileReference; explicitFileType = wrapper.cfbundle; includeInIndex = 0; path = "Aula-7-RedNodeUITests.xctest"; sourceTree = BUILT_PRODUCTS_DIR; };
		6646CA682D95C6060058CDA7 /* Aula_7_RedNodeUITests.swift */ = {isa = PBXFileReference; lastKnownFileType = sourcecode.swift; path = Aula_7_RedNodeUITests.swift; sourceTree = "<group>"; };
		6646CA6A2D95C6060058CDA7 /* Aula_7_RedNodeUITestsLaunchTests.swift */ = {isa = PBXFileReference; lastKnownFileType = sourcecode.swift; path = Aula_7_RedNodeUITestsLaunchTests.swift; sourceTree = "<group>"; };
		6646CA772D95C8D70058CDA7 /* Model.swift */ = {isa = PBXFileReference; lastKnownFileType = sourcecode.swift; path = Model.swift; sourceTree = "<group>"; };
		6646CA792D95C9F60058CDA7 /* ViewModel.swift */ = {isa = PBXFileReference; lastKnownFileType = sourcecode.swift; path = ViewModel.swift; sourceTree = "<group>"; };
		6646CA7B2D95CD060058CDA7 /* NovaUIView.swift */ = {isa = PBXFileReference; lastKnownFileType = sourcecode.swift; path = NovaUIView.swift; sourceTree = "<group>"; };
/* End PBXFileReference section */

/* Begin PBXFrameworksBuildPhase section */
		6646CA472D95C6030058CDA7 /* Frameworks */ = {
			isa = PBXFrameworksBuildPhase;
			buildActionMask = 2147483647;
			files = (
			);
			runOnlyForDeploymentPostprocessing = 0;
		};
		6646CA572D95C6060058CDA7 /* Frameworks */ = {
			isa = PBXFrameworksBuildPhase;
			buildActionMask = 2147483647;
			files = (
			);
			runOnlyForDeploymentPostprocessing = 0;
		};
		6646CA612D95C6060058CDA7 /* Frameworks */ = {
			isa = PBXFrameworksBuildPhase;
			buildActionMask = 2147483647;
			files = (
			);
			runOnlyForDeploymentPostprocessing = 0;
		};
/* End PBXFrameworksBuildPhase section */

/* Begin PBXGroup section */
		6646CA412D95C6030058CDA7 = {
			isa = PBXGroup;
			children = (
				6646CA4C2D95C6030058CDA7 /* Aula-7-RedNode */,
				6646CA5D2D95C6060058CDA7 /* Aula-7-RedNodeTests */,
				6646CA672D95C6060058CDA7 /* Aula-7-RedNodeUITests */,
				6646CA4B2D95C6030058CDA7 /* Products */,
			);
			sourceTree = "<group>";
		};
		6646CA4B2D95C6030058CDA7 /* Products */ = {
			isa = PBXGroup;
			children = (
				6646CA4A2D95C6030058CDA7 /* Aula-7-RedNode.app */,
				6646CA5A2D95C6060058CDA7 /* Aula-7-RedNodeTests.xctest */,
				6646CA642D95C6060058CDA7 /* Aula-7-RedNodeUITests.xctest */,
			);
			name = Products;
			sourceTree = "<group>";
		};
		6646CA4C2D95C6030058CDA7 /* Aula-7-RedNode */ = {
			isa = PBXGroup;
			children = (
				6646CA4D2D95C6030058CDA7 /* Aula_7_RedNodeApp.swift */,
				6646CA4F2D95C6030058CDA7 /* ContentView.swift */,
				6646CA512D95C6050058CDA7 /* Assets.xcassets */,
				6646CA532D95C6050058CDA7 /* Preview Content */,
				6646CA772D95C8D70058CDA7 /* Model.swift */,
				6646CA792D95C9F60058CDA7 /* ViewModel.swift */,
				6646CA7B2D95CD060058CDA7 /* NovaUIView.swift */,
			);
			path = "Aula-7-RedNode";
			sourceTree = "<group>";
		};
		6646CA532D95C6050058CDA7 /* Preview Content */ = {
			isa = PBXGroup;
			children = (
				6646CA542D95C6050058CDA7 /* Preview Assets.xcassets */,
			);
			path = "Preview Content";
			sourceTree = "<group>";
		};
		6646CA5D2D95C6060058CDA7 /* Aula-7-RedNodeTests */ = {
			isa = PBXGroup;
			children = (
				6646CA5E2D95C6060058CDA7 /* Aula_7_RedNodeTests.swift */,
			);
			path = "Aula-7-RedNodeTests";
			sourceTree = "<group>";
		};
		6646CA672D95C6060058CDA7 /* Aula-7-RedNodeUITests */ = {
			isa = PBXGroup;
			children = (
				6646CA682D95C6060058CDA7 /* Aula_7_RedNodeUITests.swift */,
				6646CA6A2D95C6060058CDA7 /* Aula_7_RedNodeUITestsLaunchTests.swift */,
			);
			path = "Aula-7-RedNodeUITests";
			sourceTree = "<group>";
		};
/* End PBXGroup section */

/* Begin PBXNativeTarget section */
		6646CA492D95C6030058CDA7 /* Aula-7-RedNode */ = {
			isa = PBXNativeTarget;
			buildConfigurationList = 6646CA6E2D95C6060058CDA7 /* Build configuration list for PBXNativeTarget "Aula-7-RedNode" */;
			buildPhases = (
				6646CA462D95C6030058CDA7 /* Sources */,
				6646CA472D95C6030058CDA7 /* Frameworks */,
				6646CA482D95C6030058CDA7 /* Resources */,
			);
			buildRules = (
			);
			dependencies = (
			);
			name = "Aula-7-RedNode";
			productName = "Aula-7-RedNode";
			productReference = 6646CA4A2D95C6030058CDA7 /* Aula-7-RedNode.app */;
			productType = "com.apple.product-type.application";
		};
		6646CA592D95C6060058CDA7 /* Aula-7-RedNodeTests */ = {
			isa = PBXNativeTarget;
			buildConfigurationList = 6646CA712D95C6060058CDA7 /* Build configuration list for PBXNativeTarget "Aula-7-RedNodeTests" */;
			buildPhases = (
				6646CA562D95C6060058CDA7 /* Sources */,
				6646CA572D95C6060058CDA7 /* Frameworks */,
				6646CA582D95C6060058CDA7 /* Resources */,
			);
			buildRules = (
			);
			dependencies = (
				6646CA5C2D95C6060058CDA7 /* PBXTargetDependency */,
			);
			name = "Aula-7-RedNodeTests";
			productName = "Aula-7-RedNodeTests";
			productReference = 6646CA5A2D95C6060058CDA7 /* Aula-7-RedNodeTests.xctest */;
			productType = "com.apple.product-type.bundle.unit-test";
		};
		6646CA632D95C6060058CDA7 /* Aula-7-RedNodeUITests */ = {
			isa = PBXNativeTarget;
			buildConfigurationList = 6646CA742D95C6060058CDA7 /* Build configuration list for PBXNativeTarget "Aula-7-RedNodeUITests" */;
			buildPhases = (
				6646CA602D95C6060058CDA7 /* Sources */,
				6646CA612D95C6060058CDA7 /* Frameworks */,
				6646CA622D95C6060058CDA7 /* Resources */,
			);
			buildRules = (
			);
			dependencies = (
				6646CA662D95C6060058CDA7 /* PBXTargetDependency */,
			);
			name = "Aula-7-RedNodeUITests";
			productName = "Aula-7-RedNodeUITests";
			productReference = 6646CA642D95C6060058CDA7 /* Aula-7-RedNodeUITests.xctest */;
			productType = "com.apple.product-type.bundle.ui-testing";
		};
/* End PBXNativeTarget section */

/* Begin PBXProject section */
		6646CA422D95C6030058CDA7 /* Project object */ = {
			isa = PBXProject;
			attributes = {
				BuildIndependentTargetsInParallel = 1;
				LastSwiftUpdateCheck = 1540;
				LastUpgradeCheck = 1540;
				TargetAttributes = {
					6646CA492D95C6030058CDA7 = {
						CreatedOnToolsVersion = 15.4;
					};
					6646CA592D95C6060058CDA7 = {
						CreatedOnToolsVersion = 15.4;
						TestTargetID = 6646CA492D95C6030058CDA7;
					};
					6646CA632D95C6060058CDA7 = {
						CreatedOnToolsVersion = 15.4;
						TestTargetID = 6646CA492D95C6030058CDA7;
					};
				};
			};
			buildConfigurationList = 6646CA452D95C6030058CDA7 /* Build configuration list for PBXProject "Aula-7-RedNode" */;
			compatibilityVersion = "Xcode 14.0";
			developmentRegion = en;
			hasScannedForEncodings = 0;
			knownRegions = (
				en,
				Base,
			);
			mainGroup = 6646CA412D95C6030058CDA7;
			productRefGroup = 6646CA4B2D95C6030058CDA7 /* Products */;
			projectDirPath = "";
			projectRoot = "";
			targets = (
				6646CA492D95C6030058CDA7 /* Aula-7-RedNode */,
				6646CA592D95C6060058CDA7 /* Aula-7-RedNodeTests */,
				6646CA632D95C6060058CDA7 /* Aula-7-RedNodeUITests */,
			);
		};
/* End PBXProject section */

/* Begin PBXResourcesBuildPhase section */
		6646CA482D95C6030058CDA7 /* Resources */ = {
			isa = PBXResourcesBuildPhase;
			buildActionMask = 2147483647;
			files = (
				6646CA552D95C6050058CDA7 /* Preview Assets.xcassets in Resources */,
				6646CA522D95C6050058CDA7 /* Assets.xcassets in Resources */,
			);
			runOnlyForDeploymentPostprocessing = 0;
		};
		6646CA582D95C6060058CDA7 /* Resources */ = {
			isa = PBXResourcesBuildPhase;
			buildActionMask = 2147483647;
			files = (
			);
			runOnlyForDeploymentPostprocessing = 0;
		};
		6646CA622D95C6060058CDA7 /* Resources */ = {
			isa = PBXResourcesBuildPhase;
			buildActionMask = 2147483647;
			files = (
			);
			runOnlyForDeploymentPostprocessing = 0;
		};
/* End PBXResourcesBuildPhase section */

/* Begin PBXSourcesBuildPhase section */
		6646CA462D95C6030058CDA7 /* Sources */ = {
			isa = PBXSourcesBuildPhase;
			buildActionMask = 2147483647;
			files = (
				6646CA782D95C8D70058CDA7 /* Model.swift in Sources */,
				6646CA502D95C6030058CDA7 /* ContentView.swift in Sources */,
				6646CA7A2D95C9F60058CDA7 /* ViewModel.swift in Sources */,
				6646CA4E2D95C6030058CDA7 /* Aula_7_RedNodeApp.swift in Sources */,
				6646CA7C2D95CD060058CDA7 /* NovaUIView.swift in Sources */,
			);
			runOnlyForDeploymentPostprocessing = 0;
		};
		6646CA562D95C6060058CDA7 /* Sources */ = {
			isa = PBXSourcesBuildPhase;
			buildActionMask = 2147483647;
			files = (
				6646CA5F2D95C6060058CDA7 /* Aula_7_RedNodeTests.swift in Sources */,
			);
			runOnlyForDeploymentPostprocessing = 0;
		};
		6646CA602D95C6060058CDA7 /* Sources */ = {
			isa = PBXSourcesBuildPhase;
			buildActionMask = 2147483647;
			files = (
				6646CA692D95C6060058CDA7 /* Aula_7_RedNodeUITests.swift in Sources */,
				6646CA6B2D95C6060058CDA7 /* Aula_7_RedNodeUITestsLaunchTests.swift in Sources */,
			);
			runOnlyForDeploymentPostprocessing = 0;
		};
/* End PBXSourcesBuildPhase section */

/* Begin PBXTargetDependency section */
		6646CA5C2D95C6060058CDA7 /* PBXTargetDependency */ = {
			isa = PBXTargetDependency;
			target = 6646CA492D95C6030058CDA7 /* Aula-7-RedNode */;
			targetProxy = 6646CA5B2D95C6060058CDA7 /* PBXContainerItemProxy */;
		};
		6646CA662D95C6060058CDA7 /* PBXTargetDependency */ = {
			isa = PBXTargetDependency;
			target = 6646CA492D95C6030058CDA7 /* Aula-7-RedNode */;
			targetProxy = 6646CA652D95C6060058CDA7 /* PBXContainerItemProxy */;
		};
/* End PBXTargetDependency section */

/* Begin XCBuildConfiguration section */
		6646CA6C2D95C6060058CDA7 /* Debug */ = {
			isa = XCBuildConfiguration;
			buildSettings = {
				ALWAYS_SEARCH_USER_PATHS = NO;
				ASSETCATALOG_COMPILER_GENERATE_SWIFT_ASSET_SYMBOL_EXTENSIONS = YES;
				CLANG_ANALYZER_NONNULL = YES;
				CLANG_ANALYZER_NUMBER_OBJECT_CONVERSION = YES_AGGRESSIVE;
				CLANG_CXX_LANGUAGE_STANDARD = "gnu++20";
				CLANG_ENABLE_MODULES = YES;
				CLANG_ENABLE_OBJC_ARC = YES;
				CLANG_ENABLE_OBJC_WEAK = YES;
				CLANG_WARN_BLOCK_CAPTURE_AUTORELEASING = YES;
				CLANG_WARN_BOOL_CONVERSION = YES;
				CLANG_WARN_COMMA = YES;
				CLANG_WARN_CONSTANT_CONVERSION = YES;
				CLANG_WARN_DEPRECATED_OBJC_IMPLEMENTATIONS = YES;
				CLANG_WARN_DIRECT_OBJC_ISA_USAGE = YES_ERROR;
				CLANG_WARN_DOCUMENTATION_COMMENTS = YES;
				CLANG_WARN_EMPTY_BODY = YES;
				CLANG_WARN_ENUM_CONVERSION = YES;
				CLANG_WARN_INFINITE_RECURSION = YES;
				CLANG_WARN_INT_CONVERSION = YES;
				CLANG_WARN_NON_LITERAL_NULL_CONVERSION = YES;
				CLANG_WARN_OBJC_IMPLICIT_RETAIN_SELF = YES;
				CLANG_WARN_OBJC_LITERAL_CONVERSION = YES;
				CLANG_WARN_OBJC_ROOT_CLASS = YES_ERROR;
				CLANG_WARN_QUOTED_INCLUDE_IN_FRAMEWORK_HEADER = YES;
				CLANG_WARN_RANGE_LOOP_ANALYSIS = YES;
				CLANG_WARN_STRICT_PROTOTYPES = YES;
				CLANG_WARN_SUSPICIOUS_MOVE = YES;
				CLANG_WARN_UNGUARDED_AVAILABILITY = YES_AGGRESSIVE;
				CLANG_WARN_UNREACHABLE_CODE = YES;
				CLANG_WARN__DUPLICATE_METHOD_MATCH = YES;
				COPY_PHASE_STRIP = NO;
				DEBUG_INFORMATION_FORMAT = dwarf;
				ENABLE_STRICT_OBJC_MSGSEND = YES;
				ENABLE_TESTABILITY = YES;
				ENABLE_USER_SCRIPT_SANDBOXING = YES;
				GCC_C_LANGUAGE_STANDARD = gnu17;
				GCC_DYNAMIC_NO_PIC = NO;
				GCC_NO_COMMON_BLOCKS = YES;
				GCC_OPTIMIZATION_LEVEL = 0;
				GCC_PREPROCESSOR_DEFINITIONS = (
					"DEBUG=1",
					"$(inherited)",
				);
				GCC_WARN_64_TO_32_BIT_CONVERSION = YES;
				GCC_WARN_ABOUT_RETURN_TYPE = YES_ERROR;
				GCC_WARN_UNDECLARED_SELECTOR = YES;
				GCC_WARN_UNINITIALIZED_AUTOS = YES_AGGRESSIVE;
				GCC_WARN_UNUSED_FUNCTION = YES;
				GCC_WARN_UNUSED_VARIABLE = YES;
				IPHONEOS_DEPLOYMENT_TARGET = 17.5;
				LOCALIZATION_PREFERS_STRING_CATALOGS = YES;
				MTL_ENABLE_DEBUG_INFO = INCLUDE_SOURCE;
				MTL_FAST_MATH = YES;
				ONLY_ACTIVE_ARCH = YES;
				SDKROOT = iphoneos;
				SWIFT_ACTIVE_COMPILATION_CONDITIONS = "DEBUG $(inherited)";
				SWIFT_OPTIMIZATION_LEVEL = "-Onone";
			};
			name = Debug;
		};
		6646CA6D2D95C6060058CDA7 /* Release */ = {
			isa = XCBuildConfiguration;
			buildSettings = {
				ALWAYS_SEARCH_USER_PATHS = NO;
				ASSETCATALOG_COMPILER_GENERATE_SWIFT_ASSET_SYMBOL_EXTENSIONS = YES;
				CLANG_ANALYZER_NONNULL = YES;
				CLANG_ANALYZER_NUMBER_OBJECT_CONVERSION = YES_AGGRESSIVE;
				CLANG_CXX_LANGUAGE_STANDARD = "gnu++20";
				CLANG_ENABLE_MODULES = YES;
				CLANG_ENABLE_OBJC_ARC = YES;
				CLANG_ENABLE_OBJC_WEAK = YES;
				CLANG_WARN_BLOCK_CAPTURE_AUTORELEASING = YES;
				CLANG_WARN_BOOL_CONVERSION = YES;
				CLANG_WARN_COMMA = YES;
				CLANG_WARN_CONSTANT_CONVERSION = YES;
				CLANG_WARN_DEPRECATED_OBJC_IMPLEMENTATIONS = YES;
				CLANG_WARN_DIRECT_OBJC_ISA_USAGE = YES_ERROR;
				CLANG_WARN_DOCUMENTATION_COMMENTS = YES;
				CLANG_WARN_EMPTY_BODY = YES;
				CLANG_WARN_ENUM_CONVERSION = YES;
				CLANG_WARN_INFINITE_RECURSION = YES;
				CLANG_WARN_INT_CONVERSION = YES;
				CLANG_WARN_NON_LITERAL_NULL_CONVERSION = YES;
				CLANG_WARN_OBJC_IMPLICIT_RETAIN_SELF = YES;
				CLANG_WARN_OBJC_LITERAL_CONVERSION = YES;
				CLANG_WARN_OBJC_ROOT_CLASS = YES_ERROR;
				CLANG_WARN_QUOTED_INCLUDE_IN_FRAMEWORK_HEADER = YES;
				CLANG_WARN_RANGE_LOOP_ANALYSIS = YES;
				CLANG_WARN_STRICT_PROTOTYPES = YES;
				CLANG_WARN_SUSPICIOUS_MOVE = YES;
				CLANG_WARN_UNGUARDED_AVAILABILITY = YES_AGGRESSIVE;
				CLANG_WARN_UNREACHABLE_CODE = YES;
				CLANG_WARN__DUPLICATE_METHOD_MATCH = YES;
				COPY_PHASE_STRIP = NO;
				DEBUG_INFORMATION_FORMAT = "dwarf-with-dsym";
				ENABLE_NS_ASSERTIONS = NO;
				ENABLE_STRICT_OBJC_MSGSEND = YES;
				ENABLE_USER_SCRIPT_SANDBOXING = YES;
				GCC_C_LANGUAGE_STANDARD = gnu17;
				GCC_NO_COMMON_BLOCKS = YES;
				GCC_WARN_64_TO_32_BIT_CONVERSION = YES;
				GCC_WARN_ABOUT_RETURN_TYPE = YES_ERROR;
				GCC_WARN_UNDECLARED_SELECTOR = YES;
				GCC_WARN_UNINITIALIZED_AUTOS = YES_AGGRESSIVE;
				GCC_WARN_UNUSED_FUNCTION = YES;
				GCC_WARN_UNUSED_VARIABLE = YES;
				IPHONEOS_DEPLOYMENT_TARGET = 17.5;
				LOCALIZATION_PREFERS_STRING_CATALOGS = YES;
				MTL_ENABLE_DEBUG_INFO = NO;
				MTL_FAST_MATH = YES;
				SDKROOT = iphoneos;
				SWIFT_COMPILATION_MODE = wholemodule;
				VALIDATE_PRODUCT = YES;
			};
			name = Release;
		};
		6646CA6F2D95C6060058CDA7 /* Debug */ = {
			isa = XCBuildConfiguration;
			buildSettings = {
				ASSETCATALOG_COMPILER_APPICON_NAME = AppIcon;
				ASSETCATALOG_COMPILER_GLOBAL_ACCENT_COLOR_NAME = AccentColor;
				CODE_SIGN_STYLE = Automatic;
				CURRENT_PROJECT_VERSION = 1;
				DEVELOPMENT_ASSET_PATHS = "\"Aula-7-RedNode/Preview Content\"";
				ENABLE_PREVIEWS = YES;
				GENERATE_INFOPLIST_FILE = YES;
				INFOPLIST_KEY_UIApplicationSceneManifest_Generation = YES;
				INFOPLIST_KEY_UIApplicationSupportsIndirectInputEvents = YES;
				INFOPLIST_KEY_UILaunchScreen_Generation = YES;
				INFOPLIST_KEY_UISupportedInterfaceOrientations_iPad = "UIInterfaceOrientationPortrait UIInterfaceOrientationPortraitUpsideDown UIInterfaceOrientationLandscapeLeft UIInterfaceOrientationLandscapeRight";
				INFOPLIST_KEY_UISupportedInterfaceOrientations_iPhone = "UIInterfaceOrientationPortrait UIInterfaceOrientationLandscapeLeft UIInterfaceOrientationLandscapeRight";
				LD_RUNPATH_SEARCH_PATHS = (
					"$(inherited)",
					"@executable_path/Frameworks",
				);
				MARKETING_VERSION = 1.0;
				PRODUCT_BUNDLE_IDENTIFIER = "pedromaia.Aula-7-RedNode";
				PRODUCT_NAME = "$(TARGET_NAME)";
				SWIFT_EMIT_LOC_STRINGS = YES;
				SWIFT_VERSION = 5.0;
				TARGETED_DEVICE_FAMILY = "1,2";
			};
			name = Debug;
		};
		6646CA702D95C6060058CDA7 /* Release */ = {
			isa = XCBuildConfiguration;
			buildSettings = {
				ASSETCATALOG_COMPILER_APPICON_NAME = AppIcon;
				ASSETCATALOG_COMPILER_GLOBAL_ACCENT_COLOR_NAME = AccentColor;
				CODE_SIGN_STYLE = Automatic;
				CURRENT_PROJECT_VERSION = 1;
				DEVELOPMENT_ASSET_PATHS = "\"Aula-7-RedNode/Preview Content\"";
				ENABLE_PREVIEWS = YES;
				GENERATE_INFOPLIST_FILE = YES;
				INFOPLIST_KEY_UIApplicationSceneManifest_Generation = YES;
				INFOPLIST_KEY_UIApplicationSupportsIndirectInputEvents = YES;
				INFOPLIST_KEY_UILaunchScreen_Generation = YES;
				INFOPLIST_KEY_UISupportedInterfaceOrientations_iPad = "UIInterfaceOrientationPortrait UIInterfaceOrientationPortraitUpsideDown UIInterfaceOrientationLandscapeLeft UIInterfaceOrientationLandscapeRight";
				INFOPLIST_KEY_UISupportedInterfaceOrientations_iPhone = "UIInterfaceOrientationPortrait UIInterfaceOrientationLandscapeLeft UIInterfaceOrientationLandscapeRight";
				LD_RUNPATH_SEARCH_PATHS = (
					"$(inherited)",
					"@executable_path/Frameworks",
				);
				MARKETING_VERSION = 1.0;
				PRODUCT_BUNDLE_IDENTIFIER = "pedromaia.Aula-7-RedNode";
				PRODUCT_NAME = "$(TARGET_NAME)";
				SWIFT_EMIT_LOC_STRINGS = YES;
				SWIFT_VERSION = 5.0;
				TARGETED_DEVICE_FAMILY = "1,2";
			};
			name = Release;
		};
		6646CA722D95C6060058CDA7 /* Debug */ = {
			isa = XCBuildConfiguration;
			buildSettings = {
				ALWAYS_EMBED_SWIFT_STANDARD_LIBRARIES = YES;
				BUNDLE_LOADER = "$(TEST_HOST)";
				CODE_SIGN_STYLE = Automatic;
				CURRENT_PROJECT_VERSION = 1;
				GENERATE_INFOPLIST_FILE = YES;
				IPHONEOS_DEPLOYMENT_TARGET = 17.5;
				MARKETING_VERSION = 1.0;
				PRODUCT_BUNDLE_IDENTIFIER = "pedromaia.Aula-7-RedNodeTests";
				PRODUCT_NAME = "$(TARGET_NAME)";
				SWIFT_EMIT_LOC_STRINGS = NO;
				SWIFT_VERSION = 5.0;
				TARGETED_DEVICE_FAMILY = "1,2";
				TEST_HOST = "$(BUILT_PRODUCTS_DIR)/Aula-7-RedNode.app/$(BUNDLE_EXECUTABLE_FOLDER_PATH)/Aula-7-RedNode";
			};
			name = Debug;
		};
		6646CA732D95C6060058CDA7 /* Release */ = {
			isa = XCBuildConfiguration;
			buildSettings = {
				ALWAYS_EMBED_SWIFT_STANDARD_LIBRARIES = YES;
				BUNDLE_LOADER = "$(TEST_HOST)";
				CODE_SIGN_STYLE = Automatic;
				CURRENT_PROJECT_VERSION = 1;
				GENERATE_INFOPLIST_FILE = YES;
				IPHONEOS_DEPLOYMENT_TARGET = 17.5;
				MARKETING_VERSION = 1.0;
				PRODUCT_BUNDLE_IDENTIFIER = "pedromaia.Aula-7-RedNodeTests";
				PRODUCT_NAME = "$(TARGET_NAME)";
				SWIFT_EMIT_LOC_STRINGS = NO;
				SWIFT_VERSION = 5.0;
				TARGETED_DEVICE_FAMILY = "1,2";
				TEST_HOST = "$(BUILT_PRODUCTS_DIR)/Aula-7-RedNode.app/$(BUNDLE_EXECUTABLE_FOLDER_PATH)/Aula-7-RedNode";
			};
			name = Release;
		};
		6646CA752D95C6060058CDA7 /* Debug */ = {
			isa = XCBuildConfiguration;
			buildSettings = {
				ALWAYS_EMBED_SWIFT_STANDARD_LIBRARIES = YES;
				CODE_SIGN_STYLE = Automatic;
				CURRENT_PROJECT_VERSION = 1;
				GENERATE_INFOPLIST_FILE = YES;
				MARKETING_VERSION = 1.0;
				PRODUCT_BUNDLE_IDENTIFIER = "pedromaia.Aula-7-RedNodeUITests";
				PRODUCT_NAME = "$(TARGET_NAME)";
				SWIFT_EMIT_LOC_STRINGS = NO;
				SWIFT_VERSION = 5.0;
				TARGETED_DEVICE_FAMILY = "1,2";
				TEST_TARGET_NAME = "Aula-7-RedNode";
			};
			name = Debug;
		};
		6646CA762D95C6060058CDA7 /* Release */ = {
			isa = XCBuildConfiguration;
			buildSettings = {
				ALWAYS_EMBED_SWIFT_STANDARD_LIBRARIES = YES;
				CODE_SIGN_STYLE = Automatic;
				CURRENT_PROJECT_VERSION = 1;
				GENERATE_INFOPLIST_FILE = YES;
				MARKETING_VERSION = 1.0;
				PRODUCT_BUNDLE_IDENTIFIER = "pedromaia.Aula-7-RedNodeUITests";
				PRODUCT_NAME = "$(TARGET_NAME)";
				SWIFT_EMIT_LOC_STRINGS = NO;
				SWIFT_VERSION = 5.0;
				TARGETED_DEVICE_FAMILY = "1,2";
				TEST_TARGET_NAME = "Aula-7-RedNode";
			};
			name = Release;
		};
/* End XCBuildConfiguration section */

/* Begin XCConfigurationList section */
		6646CA452D95C6030058CDA7 /* Build configuration list for PBXProject "Aula-7-RedNode" */ = {
			isa = XCConfigurationList;
			buildConfigurations = (
				6646CA6C2D95C6060058CDA7 /* Debug */,
				6646CA6D2D95C6060058CDA7 /* Release */,
			);
			defaultConfigurationIsVisible = 0;
			defaultConfigurationName = Release;
		};
		6646CA6E2D95C6060058CDA7 /* Build configuration list for PBXNativeTarget "Aula-7-RedNode" */ = {
			isa = XCConfigurationList;
			buildConfigurations = (
				6646CA6F2D95C6060058CDA7 /* Debug */,
				6646CA702D95C6060058CDA7 /* Release */,
			);
			defaultConfigurationIsVisible = 0;
			defaultConfigurationName = Release;
		};
		6646CA712D95C6060058CDA7 /* Build configuration list for PBXNativeTarget "Aula-7-RedNodeTests" */ = {
			isa = XCConfigurationList;
			buildConfigurations = (
				6646CA722D95C6060058CDA7 /* Debug */,
				6646CA732D95C6060058CDA7 /* Release */,
			);
			defaultConfigurationIsVisible = 0;
			defaultConfigurationName = Release;
		};
		6646CA742D95C6060058CDA7 /* Build configuration list for PBXNativeTarget "Aula-7-RedNodeUITests" */ = {
			isa = XCConfigurationList;
			buildConfigurations = (
				6646CA752D95C6060058CDA7 /* Debug */,
				6646CA762D95C6060058CDA7 /* Release */,
			);
			defaultConfigurationIsVisible = 0;
			defaultConfigurationName = Release;
		};
/* End XCConfigurationList section */
	};
	rootObject = 6646CA422D95C6030058CDA7 /* Project object */;
}
